# THIS IS AN AUTOGENERATED FILE. DO NOT EDIT THIS FILE DIRECTLY.
# yarn lockfile v1


"@babel/code-frame@^7.0.0":
  "integrity" "sha1-OyXTjIlgC6otzCGe36iKdOssQno="
  "resolved" "http://registry.npm.release.ctripcorp.com/@babel/code-frame/download/@babel/code-frame-7.18.6.tgz"
  "version" "7.18.6"
  dependencies:
    "@babel/highlight" "^7.18.6"

"@babel/helper-validator-identifier@^7.18.6":
  "integrity" "sha1-fuqDTPMpAf/cGn7lVeL5wn4knKI="
  "resolved" "http://registry.npm.release.ctripcorp.com/@babel/helper-validator-identifier/download/@babel/helper-validator-identifier-7.19.1.tgz"
  "version" "7.19.1"

"@babel/highlight@^7.18.6":
  "integrity" "sha1-gRWGAek+JWN5Wty/vfXWS+Py7N8="
  "resolved" "http://registry.npm.release.ctripcorp.com/@babel/highlight/download/@babel/highlight-7.18.6.tgz"
  "version" "7.18.6"
  dependencies:
    "@babel/helper-validator-identifier" "^7.18.6"
    "chalk" "^2.0.0"
    "js-tokens" "^4.0.0"

"@commitlint/cli@^17.5.1":
  "integrity" "sha1-2xdlONt7QUDIhWyIpGvRXscF+IE="
  "resolved" "http://registry.npm.release.ctripcorp.com/@commitlint/cli/download/@commitlint/cli-17.5.1.tgz"
  "version" "17.5.1"
  dependencies:
    "@commitlint/format" "^17.4.4"
    "@commitlint/lint" "^17.4.4"
    "@commitlint/load" "^17.5.0"
    "@commitlint/read" "^17.5.1"
    "@commitlint/types" "^17.4.4"
    "execa" "^5.0.0"
    "lodash.isfunction" "^3.0.9"
    "resolve-from" "5.0.0"
    "resolve-global" "1.0.0"
    "yargs" "^17.0.0"

"@commitlint/config-conventional@^17.4.4":
  "integrity" "sha1-8wseWy5IzleZpIPCAMUvIYqY78w="
  "resolved" "http://registry.npm.release.ctripcorp.com/@commitlint/config-conventional/download/@commitlint/config-conventional-17.4.4.tgz"
  "version" "17.4.4"
  dependencies:
    "conventional-changelog-conventionalcommits" "^5.0.0"

"@commitlint/config-validator@^17.4.4":
  "integrity" "sha1-0HQnBXGVWaEB0u5JwMUUBEr21k0="
  "resolved" "http://registry.npm.release.ctripcorp.com/@commitlint/config-validator/download/@commitlint/config-validator-17.4.4.tgz"
  "version" "17.4.4"
  dependencies:
    "@commitlint/types" "^17.4.4"
    "ajv" "^8.11.0"

"@commitlint/ensure@^17.4.4":
  "integrity" "sha1-o253Gb25wrhsi4wuhStGOnv9pfo="
  "resolved" "http://registry.npm.release.ctripcorp.com/@commitlint/ensure/download/@commitlint/ensure-17.4.4.tgz"
  "version" "17.4.4"
  dependencies:
    "@commitlint/types" "^17.4.4"
    "lodash.camelcase" "^4.3.0"
    "lodash.kebabcase" "^4.1.1"
    "lodash.snakecase" "^4.1.1"
    "lodash.startcase" "^4.4.0"
    "lodash.upperfirst" "^4.3.1"

"@commitlint/execute-rule@^17.4.0":
  "integrity" "sha1-RRjneViJPQpYNbq+Zb+H4mOPaTk="
  "resolved" "http://registry.npm.release.ctripcorp.com/@commitlint/execute-rule/download/@commitlint/execute-rule-17.4.0.tgz"
  "version" "17.4.0"

"@commitlint/format@^17.4.4":
  "integrity" "sha1-D24bTXowHHsd/UtjNO3Zf8BQufU="
  "resolved" "http://registry.npm.release.ctripcorp.com/@commitlint/format/download/@commitlint/format-17.4.4.tgz"
  "version" "17.4.4"
  dependencies:
    "@commitlint/types" "^17.4.4"
    "chalk" "^4.1.0"

"@commitlint/is-ignored@^17.4.4":
  "integrity" "sha1-guA/Gr4t4sDIwWKiULjUZiJekis="
  "resolved" "http://registry.npm.release.ctripcorp.com/@commitlint/is-ignored/download/@commitlint/is-ignored-17.4.4.tgz"
  "version" "17.4.4"
  dependencies:
    "@commitlint/types" "^17.4.4"
    "semver" "7.3.8"

"@commitlint/lint@^17.4.4":
  "integrity" "sha1-Ds1wtE7F9II8LgDgxLBOvUHUKFY="
  "resolved" "http://registry.npm.release.ctripcorp.com/@commitlint/lint/download/@commitlint/lint-17.4.4.tgz"
  "version" "17.4.4"
  dependencies:
    "@commitlint/is-ignored" "^17.4.4"
    "@commitlint/parse" "^17.4.4"
    "@commitlint/rules" "^17.4.4"
    "@commitlint/types" "^17.4.4"

"@commitlint/load@^17.5.0":
  "integrity" "sha1-vkXbu1Cq9et+jpQOHg1hcdFCa6s="
  "resolved" "http://registry.npm.release.ctripcorp.com/@commitlint/load/download/@commitlint/load-17.5.0.tgz"
  "version" "17.5.0"
  dependencies:
    "@commitlint/config-validator" "^17.4.4"
    "@commitlint/execute-rule" "^17.4.0"
    "@commitlint/resolve-extends" "^17.4.4"
    "@commitlint/types" "^17.4.4"
    "@types/node" "*"
    "chalk" "^4.1.0"
    "cosmiconfig" "^8.0.0"
    "cosmiconfig-typescript-loader" "^4.0.0"
    "lodash.isplainobject" "^4.0.6"
    "lodash.merge" "^4.6.2"
    "lodash.uniq" "^4.5.0"
    "resolve-from" "^5.0.0"
    "ts-node" "^10.8.1"
    "typescript" "^4.6.4 || ^5.0.0"

"@commitlint/message@^17.4.2":
  "integrity" "sha1-9HU6eXAa1tttsh9pB2403mWA4iw="
  "resolved" "http://registry.npm.release.ctripcorp.com/@commitlint/message/download/@commitlint/message-17.4.2.tgz"
  "version" "17.4.2"

"@commitlint/parse@^17.4.4":
  "integrity" "sha1-gxGxLytzDebqBnmuKjezhrzFsEs="
  "resolved" "http://registry.npm.release.ctripcorp.com/@commitlint/parse/download/@commitlint/parse-17.4.4.tgz"
  "version" "17.4.4"
  dependencies:
    "@commitlint/types" "^17.4.4"
    "conventional-changelog-angular" "^5.0.11"
    "conventional-commits-parser" "^3.2.2"

"@commitlint/read@^17.5.1":
  "integrity" "sha1-/skDt2bixB4876gGMAQPyrpPeGw="
  "resolved" "http://registry.npm.release.ctripcorp.com/@commitlint/read/download/@commitlint/read-17.5.1.tgz"
  "version" "17.5.1"
  dependencies:
    "@commitlint/top-level" "^17.4.0"
    "@commitlint/types" "^17.4.4"
    "fs-extra" "^11.0.0"
    "git-raw-commits" "^2.0.11"
    "minimist" "^1.2.6"

"@commitlint/resolve-extends@^17.4.4":
  "integrity" "sha1-j5MUZ96oxDuf44Nz4wP3wiDeb9w="
  "resolved" "http://registry.npm.release.ctripcorp.com/@commitlint/resolve-extends/download/@commitlint/resolve-extends-17.4.4.tgz"
  "version" "17.4.4"
  dependencies:
    "@commitlint/config-validator" "^17.4.4"
    "@commitlint/types" "^17.4.4"
    "import-fresh" "^3.0.0"
    "lodash.mergewith" "^4.6.2"
    "resolve-from" "^5.0.0"
    "resolve-global" "^1.0.0"

"@commitlint/rules@^17.4.4":
  "integrity" "sha1-mzP0Hl61KfkWOWusfGLmHw7dZ5E="
  "resolved" "http://registry.npm.release.ctripcorp.com/@commitlint/rules/download/@commitlint/rules-17.4.4.tgz"
  "version" "17.4.4"
  dependencies:
    "@commitlint/ensure" "^17.4.4"
    "@commitlint/message" "^17.4.2"
    "@commitlint/to-lines" "^17.4.0"
    "@commitlint/types" "^17.4.4"
    "execa" "^5.0.0"

"@commitlint/to-lines@^17.4.0":
  "integrity" "sha1-m9AukR59Tqs/tKUDdsTG0zHhDY0="
  "resolved" "http://registry.npm.release.ctripcorp.com/@commitlint/to-lines/download/@commitlint/to-lines-17.4.0.tgz"
  "version" "17.4.0"

"@commitlint/top-level@^17.4.0":
  "integrity" "sha1-VAysgpAETPhG+92Z9cxR6KxfJ9Y="
  "resolved" "http://registry.npm.release.ctripcorp.com/@commitlint/top-level/download/@commitlint/top-level-17.4.0.tgz"
  "version" "17.4.0"
  dependencies:
    "find-up" "^5.0.0"

"@commitlint/types@^17.4.4":
  "integrity" "sha1-FBbfk26arQ1qe7yXnswx5V2t5mI="
  "resolved" "http://registry.npm.release.ctripcorp.com/@commitlint/types/download/@commitlint/types-17.4.4.tgz"
  "version" "17.4.4"
  dependencies:
    "chalk" "^4.1.0"

"@cspotcode/source-map-support@^0.8.0":
  "integrity" "sha1-AGKcNaaI4FqIsc2mhPudXnPwAKE="
  "resolved" "http://registry.npm.release.ctripcorp.com/@cspotcode/source-map-support/download/@cspotcode/source-map-support-0.8.1.tgz"
  "version" "0.8.1"
  dependencies:
    "@jridgewell/trace-mapping" "0.3.9"

"@jridgewell/resolve-uri@^3.0.3":
  "integrity" "sha1-IgOxGMFXchrd/mnUe3BGVGMGbXg="
  "resolved" "http://registry.npm.release.ctripcorp.com/@jridgewell/resolve-uri/download/@jridgewell/resolve-uri-3.1.0.tgz"
  "version" "3.1.0"

"@jridgewell/sourcemap-codec@^1.4.10":
  "integrity" "sha1-rdTJjTQUcqKJGQtCTvvbCWmRuyQ="
  "resolved" "http://registry.npm.release.ctripcorp.com/@jridgewell/sourcemap-codec/download/@jridgewell/sourcemap-codec-1.4.14.tgz"
  "version" "1.4.14"

"@jridgewell/trace-mapping@0.3.9":
  "integrity" "sha1-ZTT9WTOlO6fL86F2FeJzoNEnP/k="
  "resolved" "http://registry.npm.release.ctripcorp.com/@jridgewell/trace-mapping/download/@jridgewell/trace-mapping-0.3.9.tgz"
  "version" "0.3.9"
  dependencies:
    "@jridgewell/resolve-uri" "^3.0.3"
    "@jridgewell/sourcemap-codec" "^1.4.10"

"@tsconfig/node10@^1.0.7":
  "integrity" "sha1-30kH/AeohpImN7FeAtTOvEwAIbI="
  "resolved" "http://registry.npm.release.ctripcorp.com/@tsconfig/node10/download/@tsconfig/node10-1.0.9.tgz"
  "version" "1.0.9"

"@tsconfig/node12@^1.0.7":
  "integrity" "sha1-7j3vHyfZ7WbaxuRqKVz/sBUuBY0="
  "resolved" "http://registry.npm.release.ctripcorp.com/@tsconfig/node12/download/@tsconfig/node12-1.0.11.tgz"
  "version" "1.0.11"

"@tsconfig/node14@^1.0.0":
  "integrity" "sha1-5DhjFihPALmENb9A9y91oJ2r9sE="
  "resolved" "http://registry.npm.release.ctripcorp.com/@tsconfig/node14/download/@tsconfig/node14-1.0.3.tgz"
  "version" "1.0.3"

"@tsconfig/node16@^1.0.2":
  "integrity" "sha1-Ry6qtfFcH/3X+GKL1MT3U5lex54="
  "resolved" "http://registry.npm.release.ctripcorp.com/@tsconfig/node16/download/@tsconfig/node16-1.0.3.tgz"
  "version" "1.0.3"

"@types/minimist@^1.2.0":
  "integrity" "sha1-7nceK6Sz3Fs3KTXVSf2WF780W4w="
  "resolved" "http://registry.npm.release.ctripcorp.com/@types/minimist/download/@types/minimist-1.2.2.tgz"
  "version" "1.2.2"

"@types/node@*":
  "integrity" "sha1-s7eQ8JyxaWz/zsYF3gJbCI+kIl8="
  "resolved" "http://registry.npm.release.ctripcorp.com/@types/node/download/@types/node-18.15.11.tgz"
  "version" "18.15.11"

"@types/normalize-package-data@^2.4.0":
  "integrity" "sha1-0zV0eaD9/dWQf+Z+F+CoXJBuEwE="
  "resolved" "http://registry.npm.release.ctripcorp.com/@types/normalize-package-data/download/@types/normalize-package-data-2.4.1.tgz"
  "version" "2.4.1"

"acorn-walk@^8.1.1":
  "integrity" "sha1-dBIQ8uJCZFRQiFOi9E0KuDt/acE="
  "resolved" "http://registry.npm.release.ctripcorp.com/acorn-walk/download/acorn-walk-8.2.0.tgz"
  "version" "8.2.0"

"acorn@^8.4.1":
  "integrity" "sha1-Gy8l2wKvllOZuXdrDCw5EnbTfEo="
  "resolved" "http://registry.npm.release.ctripcorp.com/acorn/download/acorn-8.8.2.tgz"
  "version" "8.8.2"

"ajv@^8.11.0":
  "integrity" "sha1-0aBScyPiL1NWLFZ8AJkVd9++GdE="
  "resolved" "http://registry.npm.release.ctripcorp.com/ajv/download/ajv-8.12.0.tgz"
  "version" "8.12.0"
  dependencies:
    "fast-deep-equal" "^3.1.1"
    "json-schema-traverse" "^1.0.0"
    "require-from-string" "^2.0.2"
    "uri-js" "^4.2.2"

"ansi-regex@^5.0.1":
  "integrity" "sha1-CCyyyJyf6GWaMRpTvWpNxTAdswQ="
  "resolved" "http://registry.npm.release.ctripcorp.com/ansi-regex/download/ansi-regex-5.0.1.tgz"
  "version" "5.0.1"

"ansi-styles@^3.2.1":
  "integrity" "sha1-QfuyAkPlCxK+DwS43tvwdSDOhB0="
  "resolved" "http://registry.npm.release.ctripcorp.com/ansi-styles/download/ansi-styles-3.2.1.tgz"
  "version" "3.2.1"
  dependencies:
    "color-convert" "^1.9.0"

"ansi-styles@^4.0.0", "ansi-styles@^4.1.0":
  "integrity" "sha1-7dgDYornHATIWuegkG7a00tkiTc="
  "resolved" "http://registry.npm.release.ctripcorp.com/ansi-styles/download/ansi-styles-4.3.0.tgz"
  "version" "4.3.0"
  dependencies:
    "color-convert" "^2.0.1"

"arg@^4.1.0":
  "integrity" "sha1-Jp/HrVuOQstjyJbVZmAXJhwUQIk="
  "resolved" "http://registry.npm.release.ctripcorp.com/arg/download/arg-4.1.3.tgz"
  "version" "4.1.3"

"argparse@^2.0.1":
  "integrity" "sha1-JG9Q88p4oyQPbJl+ipvR6sSeSzg="
  "resolved" "http://registry.npm.release.ctripcorp.com/argparse/download/argparse-2.0.1.tgz"
  "version" "2.0.1"

"array-ify@^1.0.0":
  "integrity" "sha1-nlKHYrSpBmrRY6aWKjZEGOlibs4="
  "resolved" "http://registry.npm.release.ctripcorp.com/array-ify/download/array-ify-1.0.0.tgz"
  "version" "1.0.0"

"arrify@^1.0.1":
  "integrity" "sha1-iYUI2iIm84DfkEcoRWhJwVAaSw0="
  "resolved" "http://registry.npm.release.ctripcorp.com/arrify/download/arrify-1.0.1.tgz"
  "version" "1.0.1"

"callsites@^3.0.0":
  "integrity" "sha1-s2MKvYlDQy9Us/BRkjjjPNffL3M="
  "resolved" "http://registry.npm.release.ctripcorp.com/callsites/download/callsites-3.1.0.tgz"
  "version" "3.1.0"

"camelcase-keys@^6.2.2":
  "integrity" "sha1-XnVda6UaoiPsfT1S8ld4IQ+dw8A="
  "resolved" "http://registry.npm.release.ctripcorp.com/camelcase-keys/download/camelcase-keys-6.2.2.tgz"
  "version" "6.2.2"
  dependencies:
    "camelcase" "^5.3.1"
    "map-obj" "^4.0.0"
    "quick-lru" "^4.0.1"

"camelcase@^5.3.1":
  "integrity" "sha1-48mzFWnhBoEd8kL3FXJaH0xJQyA="
  "resolved" "http://registry.npm.release.ctripcorp.com/camelcase/download/camelcase-5.3.1.tgz"
  "version" "5.3.1"

"chalk@^2.0.0":
  "integrity" "sha1-zUJUFnelQzPPVBpJEIwUMrRMlCQ="
  "resolved" "http://registry.npm.release.ctripcorp.com/chalk/download/chalk-2.4.2.tgz"
  "version" "2.4.2"
  dependencies:
    "ansi-styles" "^3.2.1"
    "escape-string-regexp" "^1.0.5"
    "supports-color" "^5.3.0"

"chalk@^4.1.0":
  "integrity" "sha1-qsTit3NKdAhnrrFr8CqtVWoeegE="
  "resolved" "http://registry.npm.release.ctripcorp.com/chalk/download/chalk-4.1.2.tgz"
  "version" "4.1.2"
  dependencies:
    "ansi-styles" "^4.1.0"
    "supports-color" "^7.1.0"

"cliui@^8.0.1":
  "integrity" "sha1-DASwddsCy/5g3I5s8vVIaxo2CKo="
  "resolved" "http://registry.npm.release.ctripcorp.com/cliui/download/cliui-8.0.1.tgz"
  "version" "8.0.1"
  dependencies:
    "string-width" "^4.2.0"
    "strip-ansi" "^6.0.1"
    "wrap-ansi" "^7.0.0"

"color-convert@^1.9.0":
  "integrity" "sha1-u3GFBpDh8TZWfeYp0tVHHe2kweg="
  "resolved" "http://registry.npm.release.ctripcorp.com/color-convert/download/color-convert-1.9.3.tgz"
  "version" "1.9.3"
  dependencies:
    "color-name" "1.1.3"

"color-convert@^2.0.1":
  "integrity" "sha1-ctOmjVmMm9s68q0ehPIdiWq9TeM="
  "resolved" "http://registry.npm.release.ctripcorp.com/color-convert/download/color-convert-2.0.1.tgz"
  "version" "2.0.1"
  dependencies:
    "color-name" "~1.1.4"

"color-name@~1.1.4":
  "integrity" "sha1-wqCah6y95pVD3m9j+jmVyCbFNqI="
  "resolved" "http://registry.npm.release.ctripcorp.com/color-name/download/color-name-1.1.4.tgz"
  "version" "1.1.4"

"color-name@1.1.3":
  "integrity" "sha1-p9BVi9icQveV3UIyj3QIMcpTvCU="
  "resolved" "http://registry.npm.release.ctripcorp.com/color-name/download/color-name-1.1.3.tgz"
  "version" "1.1.3"

"compare-func@^2.0.0":
  "integrity" "sha1-+2XnXtvd/S5WhVTotbBf/3pR/LM="
  "resolved" "http://registry.npm.release.ctripcorp.com/compare-func/download/compare-func-2.0.0.tgz"
  "version" "2.0.0"
  dependencies:
    "array-ify" "^1.0.0"
    "dot-prop" "^5.1.0"

"conventional-changelog-angular@^5.0.11":
  "integrity" "sha1-iWiF1juRSnDUk0tZ0v573hgysow="
  "resolved" "http://registry.npm.release.ctripcorp.com/conventional-changelog-angular/download/conventional-changelog-angular-5.0.13.tgz"
  "version" "5.0.13"
  dependencies:
    "compare-func" "^2.0.0"
    "q" "^1.5.1"

"conventional-changelog-conventionalcommits@^5.0.0":
  "integrity" "sha1-Qb3OVOtlqEiko//cqT6S+iK2SoY="
  "resolved" "http://registry.npm.release.ctripcorp.com/conventional-changelog-conventionalcommits/download/conventional-changelog-conventionalcommits-5.0.0.tgz"
  "version" "5.0.0"
  dependencies:
    "compare-func" "^2.0.0"
    "lodash" "^4.17.15"
    "q" "^1.5.1"

"conventional-commits-parser@^3.2.2":
  "integrity" "sha1-p9O3d1iiAqmyKT0hEqjYBSx0CXI="
  "resolved" "http://registry.npm.release.ctripcorp.com/conventional-commits-parser/download/conventional-commits-parser-3.2.4.tgz"
  "version" "3.2.4"
  dependencies:
    "is-text-path" "^1.0.1"
    "JSONStream" "^1.0.4"
    "lodash" "^4.17.15"
    "meow" "^8.0.0"
    "split2" "^3.0.0"
    "through2" "^4.0.0"

"cosmiconfig-typescript-loader@^4.0.0":
  "integrity" "sha1-xCWc5HTJ3w8yJ07RYsBEfJUe8HM="
  "resolved" "http://registry.npm.release.ctripcorp.com/cosmiconfig-typescript-loader/download/cosmiconfig-typescript-loader-4.3.0.tgz"
  "version" "4.3.0"

"cosmiconfig@^8.0.0", "cosmiconfig@>=7":
  "integrity" "sha1-DmFKEY/MLZ5a/C+H1TzQmTEBVok="
  "resolved" "http://registry.npm.release.ctripcorp.com/cosmiconfig/download/cosmiconfig-8.1.3.tgz"
  "version" "8.1.3"
  dependencies:
    "import-fresh" "^3.2.1"
    "js-yaml" "^4.1.0"
    "parse-json" "^5.0.0"
    "path-type" "^4.0.0"

"create-require@^1.1.0":
  "integrity" "sha1-wdfo8eX2z8n/ZfnNNS03NIdWwzM="
  "resolved" "http://registry.npm.release.ctripcorp.com/create-require/download/create-require-1.1.1.tgz"
  "version" "1.1.1"

"cross-spawn@^7.0.3":
  "integrity" "sha1-9zqFudXUHQRVUcF34ogtSshXKKY="
  "resolved" "http://registry.npm.release.ctripcorp.com/cross-spawn/download/cross-spawn-7.0.3.tgz"
  "version" "7.0.3"
  dependencies:
    "path-key" "^3.1.0"
    "shebang-command" "^2.0.0"
    "which" "^2.0.1"

"dargs@^7.0.0":
  "integrity" "sha1-BAFcQd4Ly2nshAUPPZvgyvjW1cw="
  "resolved" "http://registry.npm.release.ctripcorp.com/dargs/download/dargs-7.0.0.tgz"
  "version" "7.0.0"

"decamelize-keys@^1.1.0":
  "integrity" "sha1-BKLVI7LxjYDQFYpDuJXVbf+NGdg="
  "resolved" "http://registry.npm.release.ctripcorp.com/decamelize-keys/download/decamelize-keys-1.1.1.tgz"
  "version" "1.1.1"
  dependencies:
    "decamelize" "^1.1.0"
    "map-obj" "^1.0.0"

"decamelize@^1.1.0":
  "integrity" "sha1-9lNNFRSCabIDUue+4m9QH5oZEpA="
  "resolved" "http://registry.npm.release.ctripcorp.com/decamelize/download/decamelize-1.2.0.tgz"
  "version" "1.2.0"

"diff@^4.0.1":
  "integrity" "sha1-YPOuy4nV+uUgwRqhnvwruYKq3n0="
  "resolved" "http://registry.npm.release.ctripcorp.com/diff/download/diff-4.0.2.tgz"
  "version" "4.0.2"

"dot-prop@^5.1.0":
  "integrity" "sha1-kMzOcIzZzYLMTcjD3dmr3VWyDog="
  "resolved" "http://registry.npm.release.ctripcorp.com/dot-prop/download/dot-prop-5.3.0.tgz"
  "version" "5.3.0"
  dependencies:
    "is-obj" "^2.0.0"

"emoji-regex@^8.0.0":
  "integrity" "sha1-6Bj9ac5cz8tARZT4QpY79TFkzDc="
  "resolved" "http://registry.npm.release.ctripcorp.com/emoji-regex/download/emoji-regex-8.0.0.tgz"
  "version" "8.0.0"

"error-ex@^1.3.1":
  "integrity" "sha1-tKxAZIEH/c3PriQvQovqihTU8b8="
  "resolved" "http://registry.npm.release.ctripcorp.com/error-ex/download/error-ex-1.3.2.tgz"
  "version" "1.3.2"
  dependencies:
    "is-arrayish" "^0.2.1"

"escalade@^3.1.1":
  "integrity" "sha1-2M/ccACWXFoBdLSoLqpcBVJ0LkA="
  "resolved" "http://registry.npm.release.ctripcorp.com/escalade/download/escalade-3.1.1.tgz"
  "version" "3.1.1"

"escape-string-regexp@^1.0.5":
  "integrity" "sha1-G2HAViGQqN/2rjuyzwIAyhMLhtQ="
  "resolved" "http://registry.npm.release.ctripcorp.com/escape-string-regexp/download/escape-string-regexp-1.0.5.tgz"
  "version" "1.0.5"

"execa@^5.0.0":
  "integrity" "sha1-+ArZy/Qpj3vR1MlVXCHpN0HEEd0="
  "resolved" "http://registry.npm.release.ctripcorp.com/execa/download/execa-5.1.1.tgz"
  "version" "5.1.1"
  dependencies:
    "cross-spawn" "^7.0.3"
    "get-stream" "^6.0.0"
    "human-signals" "^2.1.0"
    "is-stream" "^2.0.0"
    "merge-stream" "^2.0.0"
    "npm-run-path" "^4.0.1"
    "onetime" "^5.1.2"
    "signal-exit" "^3.0.3"
    "strip-final-newline" "^2.0.0"

"fast-deep-equal@^3.1.1":
  "integrity" "sha1-On1WtVnWy8PrUSMlJE5hmmXGxSU="
  "resolved" "http://registry.npm.release.ctripcorp.com/fast-deep-equal/download/fast-deep-equal-3.1.3.tgz"
  "version" "3.1.3"

"find-up@^4.1.0":
  "integrity" "sha1-l6/n1s3AvFkoWEt8jXsW6KmqXRk="
  "resolved" "http://registry.npm.release.ctripcorp.com/find-up/download/find-up-4.1.0.tgz"
  "version" "4.1.0"
  dependencies:
    "locate-path" "^5.0.0"
    "path-exists" "^4.0.0"

"find-up@^5.0.0":
  "integrity" "sha1-TJKBnstwg1YeT0okCoa+UZj1Nvw="
  "resolved" "http://registry.npm.release.ctripcorp.com/find-up/download/find-up-5.0.0.tgz"
  "version" "5.0.0"
  dependencies:
    "locate-path" "^6.0.0"
    "path-exists" "^4.0.0"

"fs-extra@^11.0.0":
  "integrity" "sha1-2mn3w587ACN4sJVLtq5+/cCHbi0="
  "resolved" "http://registry.npm.release.ctripcorp.com/fs-extra/download/fs-extra-11.1.1.tgz"
  "version" "11.1.1"
  dependencies:
    "graceful-fs" "^4.2.0"
    "jsonfile" "^6.0.1"
    "universalify" "^2.0.0"

"function-bind@^1.1.1":
  "integrity" "sha1-pWiZ0+o8m6uHS7l3O3xe3pL0iV0="
  "resolved" "http://registry.npm.release.ctripcorp.com/function-bind/download/function-bind-1.1.1.tgz"
  "version" "1.1.1"

"get-caller-file@^2.0.5":
  "integrity" "sha1-T5RBKoLbMvNuOwuXQfipf+sDH34="
  "resolved" "http://registry.npm.release.ctripcorp.com/get-caller-file/download/get-caller-file-2.0.5.tgz"
  "version" "2.0.5"

"get-stream@^6.0.0":
  "integrity" "sha1-omLY7vZ6ztV8KFKtYWdSakPL97c="
  "resolved" "http://registry.npm.release.ctripcorp.com/get-stream/download/get-stream-6.0.1.tgz"
  "version" "6.0.1"

"git-raw-commits@^2.0.11":
  "integrity" "sha1-vDV2Y4Bx0YZV4cxg1/UkkgAI1yM="
  "resolved" "http://registry.npm.release.ctripcorp.com/git-raw-commits/download/git-raw-commits-2.0.11.tgz"
  "version" "2.0.11"
  dependencies:
    "dargs" "^7.0.0"
    "lodash" "^4.17.15"
    "meow" "^8.0.0"
    "split2" "^3.0.0"
    "through2" "^4.0.0"

"global-dirs@^0.1.1":
  "integrity" "sha1-sxnA3UYH81PzvpzKTHL8FIxJ9EU="
  "resolved" "http://registry.npm.release.ctripcorp.com/global-dirs/download/global-dirs-0.1.1.tgz"
  "version" "0.1.1"
  dependencies:
    "ini" "^1.3.4"

"graceful-fs@^4.1.6", "graceful-fs@^4.2.0":
  "integrity" "sha1-QYPk6L8Iu24Fu7L30uDI9xLKQOM="
  "resolved" "http://registry.npm.release.ctripcorp.com/graceful-fs/download/graceful-fs-4.2.11.tgz"
  "version" "4.2.11"

"hard-rejection@^2.1.0":
  "integrity" "sha1-HG7aXBaFxjlCdm15u0Cudzzs2IM="
  "resolved" "http://registry.npm.release.ctripcorp.com/hard-rejection/download/hard-rejection-2.1.0.tgz"
  "version" "2.1.0"

"has-flag@^3.0.0":
  "integrity" "sha1-tdRU3CGZriJWmfNGfloH87lVuv0="
  "resolved" "http://registry.npm.release.ctripcorp.com/has-flag/download/has-flag-3.0.0.tgz"
  "version" "3.0.0"

"has-flag@^4.0.0":
  "integrity" "sha1-lEdx/ZyByBJlxNaUGGDaBrtZR5s="
  "resolved" "http://registry.npm.release.ctripcorp.com/has-flag/download/has-flag-4.0.0.tgz"
  "version" "4.0.0"

"has@^1.0.3":
  "integrity" "sha1-ci18v8H2qoJB8W3YFOAR4fQeh5Y="
  "resolved" "http://registry.npm.release.ctripcorp.com/has/download/has-1.0.3.tgz"
  "version" "1.0.3"
  dependencies:
    "function-bind" "^1.1.1"

"hosted-git-info@^2.1.4":
  "integrity" "sha1-3/wL+aIcAiCQkPKqaUKeFBTa8/k="
  "resolved" "http://registry.npm.release.ctripcorp.com/hosted-git-info/download/hosted-git-info-2.8.9.tgz"
  "version" "2.8.9"

"hosted-git-info@^4.0.1":
  "integrity" "sha1-gnuChn6f8cjQxNnVOIA5fSyG0iQ="
  "resolved" "http://registry.npm.release.ctripcorp.com/hosted-git-info/download/hosted-git-info-4.1.0.tgz"
  "version" "4.1.0"
  dependencies:
    "lru-cache" "^6.0.0"

"human-signals@^2.1.0":
  "integrity" "sha1-3JH8ukLk0G5Kuu0zs+ejwC9RTqA="
  "resolved" "http://registry.npm.release.ctripcorp.com/human-signals/download/human-signals-2.1.0.tgz"
  "version" "2.1.0"

"husky@^8.0.3":
  "integrity" "sha1-STbXIS5G0d6ij+8puzoQiHLNkYQ="
  "resolved" "http://registry.npm.release.ctripcorp.com/husky/download/husky-8.0.3.tgz"
  "version" "8.0.3"

"import-fresh@^3.0.0", "import-fresh@^3.2.1":
  "integrity" "sha1-NxYsJfy566oublPVtNiM4X2eDCs="
  "resolved" "http://registry.npm.release.ctripcorp.com/import-fresh/download/import-fresh-3.3.0.tgz"
  "version" "3.3.0"
  dependencies:
    "parent-module" "^1.0.0"
    "resolve-from" "^4.0.0"

"indent-string@^4.0.0":
  "integrity" "sha1-Yk+PRJfWGbLZdoUx1Y9BIoVNclE="
  "resolved" "http://registry.npm.release.ctripcorp.com/indent-string/download/indent-string-4.0.0.tgz"
  "version" "4.0.0"

"inherits@^2.0.3":
  "integrity" "sha1-D6LGT5MpF8NDOg3tVTY6rjdBa3w="
  "resolved" "http://registry.npm.release.ctripcorp.com/inherits/download/inherits-2.0.4.tgz"
  "version" "2.0.4"

"ini@^1.3.4":
  "integrity" "sha1-op2kJbSIBvNHZ6Tvzjlyaa8oQyw="
  "resolved" "http://registry.npm.release.ctripcorp.com/ini/download/ini-1.3.8.tgz"
  "version" "1.3.8"

"is-arrayish@^0.2.1":
  "integrity" "sha1-d8mYQFJ6qOyxqLppe4BkWnqSap0="
  "resolved" "http://registry.npm.release.ctripcorp.com/is-arrayish/download/is-arrayish-0.2.1.tgz"
  "version" "0.2.1"

"is-core-module@^2.5.0", "is-core-module@^2.9.0":
  "integrity" "sha1-rUyz44Y+gUUjyW8/WNJsxXD/AUQ="
  "resolved" "http://registry.npm.release.ctripcorp.com/is-core-module/download/is-core-module-2.11.0.tgz"
  "version" "2.11.0"
  dependencies:
    "has" "^1.0.3"

"is-fullwidth-code-point@^3.0.0":
  "integrity" "sha1-8Rb4Bk/pCz94RKOJl8C3UFEmnx0="
  "resolved" "http://registry.npm.release.ctripcorp.com/is-fullwidth-code-point/download/is-fullwidth-code-point-3.0.0.tgz"
  "version" "3.0.0"

"is-obj@^2.0.0":
  "integrity" "sha1-Rz+wXZc3BeP9liBUUBjKjiLvSYI="
  "resolved" "http://registry.npm.release.ctripcorp.com/is-obj/download/is-obj-2.0.0.tgz"
  "version" "2.0.0"

"is-plain-obj@^1.1.0":
  "integrity" "sha1-caUMhCnfync8kqOQpKA7OfzVHT4="
  "resolved" "http://registry.npm.release.ctripcorp.com/is-plain-obj/download/is-plain-obj-1.1.0.tgz"
  "version" "1.1.0"

"is-stream@^2.0.0":
  "integrity" "sha1-+sHj1TuXrVqdCunO8jifWBClwHc="
  "resolved" "http://registry.npm.release.ctripcorp.com/is-stream/download/is-stream-2.0.1.tgz"
  "version" "2.0.1"

"is-text-path@^1.0.1":
  "integrity" "sha1-Thqg+1G/vLPpJogAE5cgLBd1tm4="
  "resolved" "http://registry.npm.release.ctripcorp.com/is-text-path/download/is-text-path-1.0.1.tgz"
  "version" "1.0.1"
  dependencies:
    "text-extensions" "^1.0.0"

"isexe@^2.0.0":
  "integrity" "sha1-6PvzdNxVb/iUehDcsFctYz8s+hA="
  "resolved" "http://registry.npm.release.ctripcorp.com/isexe/download/isexe-2.0.0.tgz"
  "version" "2.0.0"

"js-tokens@^4.0.0":
  "integrity" "sha1-GSA/tZmR35jjoocFDUZHzerzJJk="
  "resolved" "http://registry.npm.release.ctripcorp.com/js-tokens/download/js-tokens-4.0.0.tgz"
  "version" "4.0.0"

"js-yaml@^4.1.0":
  "integrity" "sha1-wftl+PUBeQHN0slRhkuhhFihBgI="
  "resolved" "http://registry.npm.release.ctripcorp.com/js-yaml/download/js-yaml-4.1.0.tgz"
  "version" "4.1.0"
  dependencies:
    "argparse" "^2.0.1"

"json-parse-even-better-errors@^2.3.0":
  "integrity" "sha1-fEeAWpQxmSjgV3dAXcEuH3pO4C0="
  "resolved" "http://registry.npm.release.ctripcorp.com/json-parse-even-better-errors/download/json-parse-even-better-errors-2.3.1.tgz"
  "version" "2.3.1"

"json-schema-traverse@^1.0.0":
  "integrity" "sha1-rnvLNlard6c7pcSb9lTzjmtoYOI="
  "resolved" "http://registry.npm.release.ctripcorp.com/json-schema-traverse/download/json-schema-traverse-1.0.0.tgz"
  "version" "1.0.0"

"jsonfile@^6.0.1":
  "integrity" "sha1-vFWyY0eTxnnsZAMJTrE2mKbsCq4="
  "resolved" "http://registry.npm.release.ctripcorp.com/jsonfile/download/jsonfile-6.1.0.tgz"
  "version" "6.1.0"
  dependencies:
    "universalify" "^2.0.0"
  optionalDependencies:
    "graceful-fs" "^4.1.6"

"jsonparse@^1.2.0":
  "integrity" "sha1-P02uSpH6wxX3EGL4UhzCOfE2YoA="
  "resolved" "http://registry.npm.release.ctripcorp.com/jsonparse/download/jsonparse-1.3.1.tgz"
  "version" "1.3.1"

"JSONStream@^1.0.4":
  "integrity" "sha1-MgjB8I06TZkmGrZPkjArwV4RHKA="
  "resolved" "http://registry.npm.release.ctripcorp.com/JSONStream/download/JSONStream-1.3.5.tgz"
  "version" "1.3.5"
  dependencies:
    "jsonparse" "^1.2.0"
    "through" ">=2.2.7 <3"

"kind-of@^6.0.3":
  "integrity" "sha1-B8BQNKbDSfoG4k+jWqdttFgM5N0="
  "resolved" "http://registry.npm.release.ctripcorp.com/kind-of/download/kind-of-6.0.3.tgz"
  "version" "6.0.3"

"lines-and-columns@^1.1.6":
  "integrity" "sha1-7KKE910pZQeTCdwK2SVauy68FjI="
  "resolved" "http://registry.npm.release.ctripcorp.com/lines-and-columns/download/lines-and-columns-1.2.4.tgz"
  "version" "1.2.4"

"locate-path@^5.0.0":
  "integrity" "sha1-Gvujlq/WdqbUJQTQpno6frn2KqA="
  "resolved" "http://registry.npm.release.ctripcorp.com/locate-path/download/locate-path-5.0.0.tgz"
  "version" "5.0.0"
  dependencies:
    "p-locate" "^4.1.0"

"locate-path@^6.0.0":
  "integrity" "sha1-VTIeswn+u8WcSAHZMackUqaB0oY="
  "resolved" "http://registry.npm.release.ctripcorp.com/locate-path/download/locate-path-6.0.0.tgz"
  "version" "6.0.0"
  dependencies:
    "p-locate" "^5.0.0"

"lodash.camelcase@^4.3.0":
  "integrity" "sha1-soqmKIorn8ZRA1x3EfZathkDMaY="
  "resolved" "http://registry.npm.release.ctripcorp.com/lodash.camelcase/download/lodash.camelcase-4.3.0.tgz"
  "version" "4.3.0"

"lodash.isfunction@^3.0.9":
  "integrity" "sha1-Bt4l302zJ6yTGYHRvbBn5a9o0FE="
  "resolved" "http://registry.npm.release.ctripcorp.com/lodash.isfunction/download/lodash.isfunction-3.0.9.tgz"
  "version" "3.0.9"

"lodash.isplainobject@^4.0.6":
  "integrity" "sha1-fFJqUtibRcRcxpC4gWO+BJf1UMs="
  "resolved" "http://registry.npm.release.ctripcorp.com/lodash.isplainobject/download/lodash.isplainobject-4.0.6.tgz"
  "version" "4.0.6"

"lodash.kebabcase@^4.1.1":
  "integrity" "sha1-hImxyw0p/4gZXM7KRI/21swpXDY="
  "resolved" "http://registry.npm.release.ctripcorp.com/lodash.kebabcase/download/lodash.kebabcase-4.1.1.tgz"
  "version" "4.1.1"

"lodash.merge@^4.6.2":
  "integrity" "sha1-VYqlO0O2YeGSWgr9+japoQhf5Xo="
  "resolved" "http://registry.npm.release.ctripcorp.com/lodash.merge/download/lodash.merge-4.6.2.tgz"
  "version" "4.6.2"

"lodash.mergewith@^4.6.2":
  "integrity" "sha1-YXEh+JrFX1kEfHrsHM1mVMZZD1U="
  "resolved" "http://registry.npm.release.ctripcorp.com/lodash.mergewith/download/lodash.mergewith-4.6.2.tgz"
  "version" "4.6.2"

"lodash.snakecase@^4.1.1":
  "integrity" "sha1-OdcUo1NXFHg3rv1ktdy7Fr7Nj40="
  "resolved" "http://registry.npm.release.ctripcorp.com/lodash.snakecase/download/lodash.snakecase-4.1.1.tgz"
  "version" "4.1.1"

"lodash.startcase@^4.4.0":
  "integrity" "sha1-lDbjTtJgk+1/+uGTYUQ1CRXZrdg="
  "resolved" "http://registry.npm.release.ctripcorp.com/lodash.startcase/download/lodash.startcase-4.4.0.tgz"
  "version" "4.4.0"

"lodash.uniq@^4.5.0":
  "integrity" "sha1-0CJTc662Uq3BvILklFM5qEJ1R3M="
  "resolved" "http://registry.npm.release.ctripcorp.com/lodash.uniq/download/lodash.uniq-4.5.0.tgz"
  "version" "4.5.0"

"lodash.upperfirst@^4.3.1":
  "integrity" "sha1-E2Xt9DFIBIHvDRxolXpe2Z1J984="
  "resolved" "http://registry.npm.release.ctripcorp.com/lodash.upperfirst/download/lodash.upperfirst-4.3.1.tgz"
  "version" "4.3.1"

"lodash@^4.17.15":
  "integrity" "sha1-Z5WRxWTDv/quhFTPCz3zcMPWkRw="
  "resolved" "http://registry.npm.release.ctripcorp.com/lodash/download/lodash-4.17.21.tgz"
  "version" "4.17.21"

"lru-cache@^6.0.0":
  "integrity" "sha1-bW/mVw69lqr5D8rR2vo7JWbbOpQ="
  "resolved" "http://registry.npm.release.ctripcorp.com/lru-cache/download/lru-cache-6.0.0.tgz"
  "version" "6.0.0"
  dependencies:
    "yallist" "^4.0.0"

"make-error@^1.1.1":
  "integrity" "sha1-LrLjfqm2fEiR9oShOUeZr0hM96I="
  "resolved" "http://registry.npm.release.ctripcorp.com/make-error/download/make-error-1.3.6.tgz"
  "version" "1.3.6"

"map-obj@^1.0.0":
  "integrity" "sha1-2TPOuSBdgr3PSIb2dCvcK03qFG0="
  "resolved" "http://registry.npm.release.ctripcorp.com/map-obj/download/map-obj-1.0.1.tgz"
  "version" "1.0.1"

"map-obj@^4.0.0":
  "integrity" "sha1-kwT5Buk/qucIgNoQKp8d8OqLsFo="
  "resolved" "http://registry.npm.release.ctripcorp.com/map-obj/download/map-obj-4.3.0.tgz"
  "version" "4.3.0"

"meow@^8.0.0":
  "integrity" "sha1-vL5FvaDuFynTUMA8/8g5WjbE6Jc="
  "resolved" "http://registry.npm.release.ctripcorp.com/meow/download/meow-8.1.2.tgz"
  "version" "8.1.2"
  dependencies:
    "@types/minimist" "^1.2.0"
    "camelcase-keys" "^6.2.2"
    "decamelize-keys" "^1.1.0"
    "hard-rejection" "^2.1.0"
    "minimist-options" "4.1.0"
    "normalize-package-data" "^3.0.0"
    "read-pkg-up" "^7.0.1"
    "redent" "^3.0.0"
    "trim-newlines" "^3.0.0"
    "type-fest" "^0.18.0"
    "yargs-parser" "^20.2.3"

"merge-stream@^2.0.0":
  "integrity" "sha1-UoI2KaFN0AyXcPtq1H3GMQ8sH2A="
  "resolved" "http://registry.npm.release.ctripcorp.com/merge-stream/download/merge-stream-2.0.0.tgz"
  "version" "2.0.0"

"mimic-fn@^2.1.0":
  "integrity" "sha1-ftLCzMyvhNP/y3pptXcR/CCDQBs="
  "resolved" "http://registry.npm.release.ctripcorp.com/mimic-fn/download/mimic-fn-2.1.0.tgz"
  "version" "2.1.0"

"min-indent@^1.0.0":
  "integrity" "sha1-pj9oFnOzBXH76LwlaGrnRu76mGk="
  "resolved" "http://registry.npm.release.ctripcorp.com/min-indent/download/min-indent-1.0.1.tgz"
  "version" "1.0.1"

"minimist-options@4.1.0":
  "integrity" "sha1-wGVXE8U6ii69d/+iR9NCxA8BBhk="
  "resolved" "http://registry.npm.release.ctripcorp.com/minimist-options/download/minimist-options-4.1.0.tgz"
  "version" "4.1.0"
  dependencies:
    "arrify" "^1.0.1"
    "is-plain-obj" "^1.1.0"
    "kind-of" "^6.0.3"

"minimist@^1.2.6":
  "integrity" "sha1-waRk52kzAuCCoHXO4MBXdBrEdyw="
  "resolved" "http://registry.npm.release.ctripcorp.com/minimist/download/minimist-1.2.8.tgz"
  "version" "1.2.8"

"normalize-package-data@^2.5.0":
  "integrity" "sha1-5m2xg4sgDB38IzIl0SyzZSDiNKg="
  "resolved" "http://registry.npm.release.ctripcorp.com/normalize-package-data/download/normalize-package-data-2.5.0.tgz"
  "version" "2.5.0"
  dependencies:
    "hosted-git-info" "^2.1.4"
    "resolve" "^1.10.0"
    "semver" "2 || 3 || 4 || 5"
    "validate-npm-package-license" "^3.0.1"

"normalize-package-data@^3.0.0":
  "integrity" "sha1-28w+LaWVCaCYNCKITNFy7v36Ul4="
  "resolved" "http://registry.npm.release.ctripcorp.com/normalize-package-data/download/normalize-package-data-3.0.3.tgz"
  "version" "3.0.3"
  dependencies:
    "hosted-git-info" "^4.0.1"
    "is-core-module" "^2.5.0"
    "semver" "^7.3.4"
    "validate-npm-package-license" "^3.0.1"

"npm-run-path@^4.0.1":
  "integrity" "sha1-t+zR5e1T2o43pV4cImnguX7XSOo="
  "resolved" "http://registry.npm.release.ctripcorp.com/npm-run-path/download/npm-run-path-4.0.1.tgz"
  "version" "4.0.1"
  dependencies:
    "path-key" "^3.0.0"

"onetime@^5.1.2":
  "integrity" "sha1-0Oluu1awdHbfHdnEgG5SN5hcpF4="
  "resolved" "http://registry.npm.release.ctripcorp.com/onetime/download/onetime-5.1.2.tgz"
  "version" "5.1.2"
  dependencies:
    "mimic-fn" "^2.1.0"

"p-limit@^2.2.0":
  "integrity" "sha1-PdM8ZHohT9//2DWTPrCG2g3CHbE="
  "resolved" "http://registry.npm.release.ctripcorp.com/p-limit/download/p-limit-2.3.0.tgz"
  "version" "2.3.0"
  dependencies:
    "p-try" "^2.0.0"

"p-limit@^3.0.2":
  "integrity" "sha1-4drMvnjQ0TiMoYxk/qOOPlfjcGs="
  "resolved" "http://registry.npm.release.ctripcorp.com/p-limit/download/p-limit-3.1.0.tgz"
  "version" "3.1.0"
  dependencies:
    "yocto-queue" "^0.1.0"

"p-locate@^4.1.0":
  "integrity" "sha1-o0KLtwiLOmApL2aRkni3wpetTwc="
  "resolved" "http://registry.npm.release.ctripcorp.com/p-locate/download/p-locate-4.1.0.tgz"
  "version" "4.1.0"
  dependencies:
    "p-limit" "^2.2.0"

"p-locate@^5.0.0":
  "integrity" "sha1-g8gxXGeFAF470CGDlBHJ4RDm2DQ="
  "resolved" "http://registry.npm.release.ctripcorp.com/p-locate/download/p-locate-5.0.0.tgz"
  "version" "5.0.0"
  dependencies:
    "p-limit" "^3.0.2"

"p-try@^2.0.0":
  "integrity" "sha1-yyhoVA4xPWHeWPr741zpAE1VQOY="
  "resolved" "http://registry.npm.release.ctripcorp.com/p-try/download/p-try-2.2.0.tgz"
  "version" "2.2.0"

"parent-module@^1.0.0":
  "integrity" "sha1-aR0nCeeMefrjoVZiJFLQB2LKqqI="
  "resolved" "http://registry.npm.release.ctripcorp.com/parent-module/download/parent-module-1.0.1.tgz"
  "version" "1.0.1"
  dependencies:
    "callsites" "^3.0.0"

"parse-json@^5.0.0":
  "integrity" "sha1-x2/Gbe5UIxyWKyK8yKcs8vmXU80="
  "resolved" "http://registry.npm.release.ctripcorp.com/parse-json/download/parse-json-5.2.0.tgz"
  "version" "5.2.0"
  dependencies:
    "@babel/code-frame" "^7.0.0"
    "error-ex" "^1.3.1"
    "json-parse-even-better-errors" "^2.3.0"
    "lines-and-columns" "^1.1.6"

"path-exists@^4.0.0":
  "integrity" "sha1-UTvb4tO5XXdi6METfvoZXGxhtbM="
  "resolved" "http://registry.npm.release.ctripcorp.com/path-exists/download/path-exists-4.0.0.tgz"
  "version" "4.0.0"

"path-key@^3.0.0", "path-key@^3.1.0":
  "integrity" "sha1-WB9q3mWMu6ZaDTOA3ndTKVBU83U="
  "resolved" "http://registry.npm.release.ctripcorp.com/path-key/download/path-key-3.1.1.tgz"
  "version" "3.1.1"

"path-parse@^1.0.7":
  "integrity" "sha1-+8EUtgykKzDZ2vWFjkvWi77bZzU="
  "resolved" "http://registry.npm.release.ctripcorp.com/path-parse/download/path-parse-1.0.7.tgz"
  "version" "1.0.7"

"path-type@^4.0.0":
  "integrity" "sha1-hO0BwKe6OAr+CdkKjBgNzZ0DBDs="
  "resolved" "http://registry.npm.release.ctripcorp.com/path-type/download/path-type-4.0.0.tgz"
  "version" "4.0.0"

"punycode@^2.1.0":
  "integrity" "sha1-9n+mfJTaj00M//mBruQRgGQZm48="
  "resolved" "http://registry.npm.release.ctripcorp.com/punycode/download/punycode-2.3.0.tgz"
  "version" "2.3.0"

"q@^1.5.1":
  "integrity" "sha1-fjL3W0E4EpHQRhHxvxQQmsAGUdc="
  "resolved" "http://registry.npm.release.ctripcorp.com/q/download/q-1.5.1.tgz"
  "version" "1.5.1"

"quick-lru@^4.0.1":
  "integrity" "sha1-W4h48ROlgheEjGSCAmxz4bpXcn8="
  "resolved" "http://registry.npm.release.ctripcorp.com/quick-lru/download/quick-lru-4.0.1.tgz"
  "version" "4.0.1"

"read-pkg-up@^7.0.1":
  "integrity" "sha1-86YTV1hFlzOuK5VjgFbhhU5+9Qc="
  "resolved" "http://registry.npm.release.ctripcorp.com/read-pkg-up/download/read-pkg-up-7.0.1.tgz"
  "version" "7.0.1"
  dependencies:
    "find-up" "^4.1.0"
    "read-pkg" "^5.2.0"
    "type-fest" "^0.8.1"

"read-pkg@^5.2.0":
  "integrity" "sha1-e/KVQ4yloz5WzTDgU7NO5yUMk8w="
  "resolved" "http://registry.npm.release.ctripcorp.com/read-pkg/download/read-pkg-5.2.0.tgz"
  "version" "5.2.0"
  dependencies:
    "@types/normalize-package-data" "^2.4.0"
    "normalize-package-data" "^2.5.0"
    "parse-json" "^5.0.0"
    "type-fest" "^0.6.0"

"readable-stream@^3.0.0", "readable-stream@3":
  "integrity" "sha1-VqmzbqllwAxak+8x6xEaDxEFaWc="
  "resolved" "http://registry.npm.release.ctripcorp.com/readable-stream/download/readable-stream-3.6.2.tgz"
  "version" "3.6.2"
  dependencies:
    "inherits" "^2.0.3"
    "string_decoder" "^1.1.1"
    "util-deprecate" "^1.0.1"

"redent@^3.0.0":
  "integrity" "sha1-5Ve3mYMWu1PJ8fVvpiY1LGljBZ8="
  "resolved" "http://registry.npm.release.ctripcorp.com/redent/download/redent-3.0.0.tgz"
  "version" "3.0.0"
  dependencies:
    "indent-string" "^4.0.0"
    "strip-indent" "^3.0.0"

"require-directory@^2.1.1":
  "integrity" "sha1-jGStX9MNqxyXbiNE/+f3kqam30I="
  "resolved" "http://registry.npm.release.ctripcorp.com/require-directory/download/require-directory-2.1.1.tgz"
  "version" "2.1.1"

"require-from-string@^2.0.2":
  "integrity" "sha1-iaf92TgmEmcxjq/hT5wy5ZjDaQk="
  "resolved" "http://registry.npm.release.ctripcorp.com/require-from-string/download/require-from-string-2.0.2.tgz"
  "version" "2.0.2"

"resolve-from@^4.0.0":
  "integrity" "sha1-SrzYUq0y3Xuqv+m0DgCjbbXzkuY="
  "resolved" "http://registry.npm.release.ctripcorp.com/resolve-from/download/resolve-from-4.0.0.tgz"
  "version" "4.0.0"

"resolve-from@^5.0.0", "resolve-from@5.0.0":
  "integrity" "sha1-w1IlhD3493bfIcV1V7wIfp39/Gk="
  "resolved" "http://registry.npm.release.ctripcorp.com/resolve-from/download/resolve-from-5.0.0.tgz"
  "version" "5.0.0"

"resolve-global@^1.0.0", "resolve-global@1.0.0":
  "integrity" "sha1-oqed9K8so/Sb93753azTItrRklU="
  "resolved" "http://registry.npm.release.ctripcorp.com/resolve-global/download/resolve-global-1.0.0.tgz"
  "version" "1.0.0"
  dependencies:
    "global-dirs" "^0.1.1"

"resolve@^1.10.0":
  "integrity" "sha1-J8suu1P5GrtJRwqSi7p1WAZqwXc="
  "resolved" "http://registry.npm.release.ctripcorp.com/resolve/download/resolve-1.22.1.tgz"
  "version" "1.22.1"
  dependencies:
    "is-core-module" "^2.9.0"
    "path-parse" "^1.0.7"
    "supports-preserve-symlinks-flag" "^1.0.0"

"safe-buffer@~5.2.0":
  "integrity" "sha1-Hq+fqb2x/dTsdfWPnNtOa3gn7sY="
  "resolved" "http://registry.npm.release.ctripcorp.com/safe-buffer/download/safe-buffer-5.2.1.tgz"
  "version" "5.2.1"

"semver@^7.3.4", "semver@7.3.8":
  "integrity" "sha1-B6eP6vs/ezI0fXJeM95+Ki32d5g="
  "resolved" "http://registry.npm.release.ctripcorp.com/semver/download/semver-7.3.8.tgz"
  "version" "7.3.8"
  dependencies:
    "lru-cache" "^6.0.0"

"semver@2 || 3 || 4 || 5":
  "integrity" "sha1-qVT5Ma66UI0we78Gnv8MAclhFvc="
  "resolved" "http://registry.npm.release.ctripcorp.com/semver/download/semver-5.7.1.tgz"
  "version" "5.7.1"

"shebang-command@^2.0.0":
  "integrity" "sha1-zNCvT4g1+9wmW4JGGq8MNmY/NOo="
  "resolved" "http://registry.npm.release.ctripcorp.com/shebang-command/download/shebang-command-2.0.0.tgz"
  "version" "2.0.0"
  dependencies:
    "shebang-regex" "^3.0.0"

"shebang-regex@^3.0.0":
  "integrity" "sha1-rhbxZE2HPsrYQ7AwexQzYtTEIXI="
  "resolved" "http://registry.npm.release.ctripcorp.com/shebang-regex/download/shebang-regex-3.0.0.tgz"
  "version" "3.0.0"

"signal-exit@^3.0.3":
  "integrity" "sha1-qaF2f4r4QVURTqq9c/mSc8j1mtk="
  "resolved" "http://registry.npm.release.ctripcorp.com/signal-exit/download/signal-exit-3.0.7.tgz"
  "version" "3.0.7"

"spdx-correct@^3.0.0":
  "integrity" "sha1-T1qwZo8AWeNPnADc4zF4ShLeTpw="
  "resolved" "http://registry.npm.release.ctripcorp.com/spdx-correct/download/spdx-correct-3.2.0.tgz"
  "version" "3.2.0"
  dependencies:
    "spdx-expression-parse" "^3.0.0"
    "spdx-license-ids" "^3.0.0"

"spdx-exceptions@^2.1.0":
  "integrity" "sha1-PyjOGnegA3JoPq3kpDMYNSeiFj0="
  "resolved" "http://registry.npm.release.ctripcorp.com/spdx-exceptions/download/spdx-exceptions-2.3.0.tgz"
  "version" "2.3.0"

"spdx-expression-parse@^3.0.0":
  "integrity" "sha1-z3D1BILu/cmOPOCmgz5KU87rpnk="
  "resolved" "http://registry.npm.release.ctripcorp.com/spdx-expression-parse/download/spdx-expression-parse-3.0.1.tgz"
  "version" "3.0.1"
  dependencies:
    "spdx-exceptions" "^2.1.0"
    "spdx-license-ids" "^3.0.0"

"spdx-license-ids@^3.0.0":
  "integrity" "sha1-cYmkdMRvjUfHsNpLmHu0XpCL0tU="
  "resolved" "http://registry.npm.release.ctripcorp.com/spdx-license-ids/download/spdx-license-ids-3.0.13.tgz"
  "version" "3.0.13"

"split2@^3.0.0":
  "integrity" "sha1-vyzyo32DgxLCSciSBv16F90SNl8="
  "resolved" "http://registry.npm.release.ctripcorp.com/split2/download/split2-3.2.2.tgz"
  "version" "3.2.2"
  dependencies:
    "readable-stream" "^3.0.0"

"string_decoder@^1.1.1":
  "integrity" "sha1-QvEUWUpGzxqOMLCoT1bHjD7awh4="
  "resolved" "http://registry.npm.release.ctripcorp.com/string_decoder/download/string_decoder-1.3.0.tgz"
  "version" "1.3.0"
  dependencies:
    "safe-buffer" "~5.2.0"

"string-width@^4.1.0", "string-width@^4.2.0", "string-width@^4.2.3":
  "integrity" "sha1-JpxxF9J7Ba0uU2gwqOyJXvnG0BA="
  "resolved" "http://registry.npm.release.ctripcorp.com/string-width/download/string-width-4.2.3.tgz"
  "version" "4.2.3"
  dependencies:
    "emoji-regex" "^8.0.0"
    "is-fullwidth-code-point" "^3.0.0"
    "strip-ansi" "^6.0.1"

"strip-ansi@^6.0.0", "strip-ansi@^6.0.1":
  "integrity" "sha1-nibGPTD1NEPpSJSVshBdN7Z6hdk="
  "resolved" "http://registry.npm.release.ctripcorp.com/strip-ansi/download/strip-ansi-6.0.1.tgz"
  "version" "6.0.1"
  dependencies:
    "ansi-regex" "^5.0.1"

"strip-final-newline@^2.0.0":
  "integrity" "sha1-ibhS+y/L6Tb29LMYevsKEsGrWK0="
  "resolved" "http://registry.npm.release.ctripcorp.com/strip-final-newline/download/strip-final-newline-2.0.0.tgz"
  "version" "2.0.0"

"strip-indent@^3.0.0":
  "integrity" "sha1-wy4c7pQLazQyx3G8LFS8znPNMAE="
  "resolved" "http://registry.npm.release.ctripcorp.com/strip-indent/download/strip-indent-3.0.0.tgz"
  "version" "3.0.0"
  dependencies:
    "min-indent" "^1.0.0"

"supports-color@^5.3.0":
  "integrity" "sha1-4uaaRKyHcveKHsCzW2id9lMO/I8="
  "resolved" "http://registry.npm.release.ctripcorp.com/supports-color/download/supports-color-5.5.0.tgz"
  "version" "5.5.0"
  dependencies:
    "has-flag" "^3.0.0"

"supports-color@^7.1.0":
  "integrity" "sha1-G33NyzK4E4gBs+R4umpRyqiWSNo="
  "resolved" "http://registry.npm.release.ctripcorp.com/supports-color/download/supports-color-7.2.0.tgz"
  "version" "7.2.0"
  dependencies:
    "has-flag" "^4.0.0"

"supports-preserve-symlinks-flag@^1.0.0":
  "integrity" "sha1-btpL00SjyUrqN21MwxvHcxEDngk="
  "resolved" "http://registry.npm.release.ctripcorp.com/supports-preserve-symlinks-flag/download/supports-preserve-symlinks-flag-1.0.0.tgz"
  "version" "1.0.0"

"text-extensions@^1.0.0":
  "integrity" "sha1-GFPkX+45yUXOb2w2stZZtaq8KiY="
  "resolved" "http://registry.npm.release.ctripcorp.com/text-extensions/download/text-extensions-1.9.0.tgz"
  "version" "1.9.0"

"through@>=2.2.7 <3":
  "integrity" "sha1-DdTJ/6q8NXlgsbckEV1+Doai4fU="
  "resolved" "http://registry.npm.release.ctripcorp.com/through/download/through-2.3.8.tgz"
  "version" "2.3.8"

"through2@^4.0.0":
  "integrity" "sha1-p846wqeosLlmyA58SfBITDsjl2Q="
  "resolved" "http://registry.npm.release.ctripcorp.com/through2/download/through2-4.0.2.tgz"
  "version" "4.0.2"
  dependencies:
    "readable-stream" "3"

"trim-newlines@^3.0.0":
  "integrity" "sha1-Jgpdli2LdSQlsy86fbDcrNF2wUQ="
  "resolved" "http://registry.npm.release.ctripcorp.com/trim-newlines/download/trim-newlines-3.0.1.tgz"
  "version" "3.0.1"

"ts-node@^10.8.1", "ts-node@>=10":
  "integrity" "sha1-5z3pEClYr54fCxaKb/Mg4lrc/0s="
  "resolved" "http://registry.npm.release.ctripcorp.com/ts-node/download/ts-node-10.9.1.tgz"
  "version" "10.9.1"
  dependencies:
    "@cspotcode/source-map-support" "^0.8.0"
    "@tsconfig/node10" "^1.0.7"
    "@tsconfig/node12" "^1.0.7"
    "@tsconfig/node14" "^1.0.0"
    "@tsconfig/node16" "^1.0.2"
    "acorn" "^8.4.1"
    "acorn-walk" "^8.1.1"
    "arg" "^4.1.0"
    "create-require" "^1.1.0"
    "diff" "^4.0.1"
    "make-error" "^1.1.1"
    "v8-compile-cache-lib" "^3.0.1"
    "yn" "3.1.1"

"type-fest@^0.18.0":
  "integrity" "sha1-20vBUaSiz07r+a3V23VQjbbMhB8="
  "resolved" "http://registry.npm.release.ctripcorp.com/type-fest/download/type-fest-0.18.1.tgz"
  "version" "0.18.1"

"type-fest@^0.6.0":
  "integrity" "sha1-jSojcNPfiG61yQraHFv2GIrPg4s="
  "resolved" "http://registry.npm.release.ctripcorp.com/type-fest/download/type-fest-0.6.0.tgz"
  "version" "0.6.0"

"type-fest@^0.8.1":
  "integrity" "sha1-CeJJ696FHTseSNJ8EFREZn8XuD0="
  "resolved" "http://registry.npm.release.ctripcorp.com/type-fest/download/type-fest-0.8.1.tgz"
  "version" "0.8.1"

"typescript@^4.6.4 || ^5.0.0", "typescript@>=2.7", "typescript@>=3":
  "integrity" "sha1-iR4akMUYnYUGr2S575Kfypm6HuU="
  "resolved" "http://registry.npm.release.ctripcorp.com/typescript/download/typescript-5.0.2.tgz"
  "version" "5.0.2"

"universalify@^2.0.0":
  "integrity" "sha1-daSYTv7cSwiXXFrrc/Uw0C3yVxc="
  "resolved" "http://registry.npm.release.ctripcorp.com/universalify/download/universalify-2.0.0.tgz"
  "version" "2.0.0"

"uri-js@^4.2.2":
  "integrity" "sha1-mxpSWVIlhZ5V9mnZKPiMbFfyp34="
  "resolved" "http://registry.npm.release.ctripcorp.com/uri-js/download/uri-js-4.4.1.tgz"
  "version" "4.4.1"
  dependencies:
    "punycode" "^2.1.0"

"util-deprecate@^1.0.1":
  "integrity" "sha1-RQ1Nyfpw3nMnYvvS1KKJgUGaDM8="
  "resolved" "http://registry.npm.release.ctripcorp.com/util-deprecate/download/util-deprecate-1.0.2.tgz"
  "version" "1.0.2"

"v8-compile-cache-lib@^3.0.1":
  "integrity" "sha1-Yzbo1xllyz01obu3hoRFp8BSZL8="
  "resolved" "http://registry.npm.release.ctripcorp.com/v8-compile-cache-lib/download/v8-compile-cache-lib-3.0.1.tgz"
  "version" "3.0.1"

"validate-npm-package-license@^3.0.1":
  "integrity" "sha1-/JH2uce6FchX9MssXe/uw51PQQo="
  "resolved" "http://registry.npm.release.ctripcorp.com/validate-npm-package-license/download/validate-npm-package-license-3.0.4.tgz"
  "version" "3.0.4"
  dependencies:
    "spdx-correct" "^3.0.0"
    "spdx-expression-parse" "^3.0.0"

"which@^2.0.1":
  "integrity" "sha1-fGqN0KY2oDJ+ELWckobu6T8/UbE="
  "resolved" "http://registry.npm.release.ctripcorp.com/which/download/which-2.0.2.tgz"
  "version" "2.0.2"
  dependencies:
    "isexe" "^2.0.0"

"wrap-ansi@^7.0.0":
  "integrity" "sha1-Z+FFz/UQpqaYS98RUpEdadLrnkM="
  "resolved" "http://registry.npm.release.ctripcorp.com/wrap-ansi/download/wrap-ansi-7.0.0.tgz"
  "version" "7.0.0"
  dependencies:
    "ansi-styles" "^4.0.0"
    "string-width" "^4.1.0"
    "strip-ansi" "^6.0.0"

"y18n@^5.0.5":
  "integrity" "sha1-f0k00PfKjFb5UxSTndzS3ZHOHVU="
  "resolved" "http://registry.npm.release.ctripcorp.com/y18n/download/y18n-5.0.8.tgz"
  "version" "5.0.8"

"yallist@^4.0.0":
  "integrity" "sha1-m7knkNnA7/7GO+c1GeEaNQGaOnI="
  "resolved" "http://registry.npm.release.ctripcorp.com/yallist/download/yallist-4.0.0.tgz"
  "version" "4.0.0"

"yargs-parser@^20.2.3":
  "integrity" "sha1-LrfcOwKJcY/ClfNidThFxBoMlO4="
  "resolved" "http://registry.npm.release.ctripcorp.com/yargs-parser/download/yargs-parser-20.2.9.tgz"
  "version" "20.2.9"

"yargs-parser@^21.1.1":
  "integrity" "sha1-kJa87r+ZDSG7MfqVFuDt4pSnfTU="
  "resolved" "http://registry.npm.release.ctripcorp.com/yargs-parser/download/yargs-parser-21.1.1.tgz"
  "version" "21.1.1"

"yargs@^17.0.0":
  "integrity" "sha1-NKd2RSAdGo/FITrOeHwiDqu9CWc="
  "resolved" "http://registry.npm.release.ctripcorp.com/yargs/download/yargs-17.7.1.tgz"
  "version" "17.7.1"
  dependencies:
    "cliui" "^8.0.1"
    "escalade" "^3.1.1"
    "get-caller-file" "^2.0.5"
    "require-directory" "^2.1.1"
    "string-width" "^4.2.3"
    "y18n" "^5.0.5"
    "yargs-parser" "^21.1.1"

"yn@3.1.1":
  "integrity" "sha1-HodAGgnXZ8HV6rJqbkwYUYLS61A="
  "resolved" "http://registry.npm.release.ctripcorp.com/yn/download/yn-3.1.1.tgz"
  "version" "3.1.1"

"yocto-queue@^0.1.0":
  "integrity" "sha1-ApTrPe4FAo0x7hpfosVWpqrxChs="
  "resolved" "http://registry.npm.release.ctripcorp.com/yocto-queue/download/yocto-queue-0.1.0.tgz"
  "version" "0.1.0"
