{
  "name": "jsdoc-test",
  "version": "1.0.0",
  "lockfileVersion": 2,
  "requires": true,
  "packages": {
    "": {
      "name": "jsdoc-test",
      "version": "1.0.0",
      "license": "ISC",
      "devDependencies": {
        "typescript": "^5.2.2"
      }
    },
    "node_modules/typescript": {
      "version": "5.2.2",
      "resolved": "http://registry.npm.release.ctripcorp.com/typescript/download/typescript-5.2.2.tgz",
      "integrity": "sha1-XrteWlt18IXyK8P4Rg+6MIMQ+ng=",
      "dev": true,
      "license": "Apache-2.0",
      "bin": {
        "tsc": "bin/tsc",
        "tsserver": "bin/tsserver"
      },
      "engines": {
        "node": ">=14.17"
      }
    }
  },
  "dependencies": {
    "typescript": {
      "version": "5.2.2",
      "resolved": "http://registry.npm.release.ctripcorp.com/typescript/download/typescript-5.2.2.tgz",
      "integrity": "sha1-XrteWlt18IXyK8P4Rg+6MIMQ+ng=",
      "dev": true
    }
  }
}
